// !$*UTF8*$!
{
	archiveVersion = 1;
	classes = {
	};
	objectVersion = 50;
	objects = {

/* Begin PBXBuildFile section */
		718D4E7420C8306F00590547 /* AppDelegate.m in Sources */ = {isa = PBXBuildFile; fileRef = 718D4E7320C8306F00590547 /* AppDelegate.m */; };
		718D4E7A20C8306F00590547 /* Main.storyboard in Resources */ = {isa = PBXBuildFile; fileRef = 718D4E7820C8306F00590547 /* Main.storyboard */; };
		718D4E7C20C8306F00590547 /* Assets.xcassets in Resources */ = {isa = PBXBuildFile; fileRef = 718D4E7B20C8306F00590547 /* Assets.xcassets */; };
		718D4E7F20C8306F00590547 /* LaunchScreen.storyboard in Resources */ = {isa = PBXBuildFile; fileRef = 718D4E7D20C8306F00590547 /* LaunchScreen.storyboard */; };
		718D4E8220C8306F00590547 /* main.m in Sources */ = {isa = PBXBuildFile; fileRef = 718D4E8120C8306F00590547 /* main.m */; };
		718D4E8C20C831D900590547 /* Movie.m in Sources */ = {isa = PBXBuildFile; fileRef = 718D4E8B20C831D900590547 /* Movie.m */; };
		718D4E9120C8371C00590547 /* MovieController.m in Sources */ = {isa = PBXBuildFile; fileRef = 718D4E9020C8371C00590547 /* MovieController.m */; };
		718D4E9520C8436B00590547 /* MovieSearchObj-C-Bridging-Header.swift in Sources */ = {isa = PBXBuildFile; fileRef = 718D4E9420C8436B00590547 /* MovieSearchObj-C-Bridging-Header.swift */; };
		718D4E9720C844ED00590547 /* MovieTableViewController.swift in Sources */ = {isa = PBXBuildFile; fileRef = 718D4E9620C844ED00590547 /* MovieTableViewController.swift */; };
		718D4E9920C8454300590547 /* MovieSearchTableViewCell.swift in Sources */ = {isa = PBXBuildFile; fileRef = 718D4E9820C8454300590547 /* MovieSearchTableViewCell.swift */; };
/* End PBXBuildFile section */

/* Begin PBXFileReference section */
		718D4E6F20C8306F00590547 /* MovieSearchObj-C.app */ = {isa = PBXFileReference; explicitFileType = wrapper.application; includeInIndex = 0; path = "MovieSearchObj-C.app"; sourceTree = BUILT_PRODUCTS_DIR; };
		718D4E7220C8306F00590547 /* AppDelegate.h */ = {isa = PBXFileReference; lastKnownFileType = sourcecode.c.h; path = AppDelegate.h; sourceTree = "<group>"; };
		718D4E7320C8306F00590547 /* AppDelegate.m */ = {isa = PBXFileReference; lastKnownFileType = sourcecode.c.objc; path = AppDelegate.m; sourceTree = "<group>"; };
		718D4E7920C8306F00590547 /* Base */ = {isa = PBXFileReference; lastKnownFileType = file.storyboard; name = Base; path = Base.lproj/Main.storyboard; sourceTree = "<group>"; };
		718D4E7B20C8306F00590547 /* Assets.xcassets */ = {isa = PBXFileReference; lastKnownFileType = folder.assetcatalog; path = Assets.xcassets; sourceTree = "<group>"; };
		718D4E7E20C8306F00590547 /* Base */ = {isa = PBXFileReference; lastKnownFileType = file.storyboard; name = Base; path = Base.lproj/LaunchScreen.storyboard; sourceTree = "<group>"; };
		718D4E8020C8306F00590547 /* Info.plist */ = {isa = PBXFileReference; lastKnownFileType = text.plist.xml; path = Info.plist; sourceTree = "<group>"; };
		718D4E8120C8306F00590547 /* main.m */ = {isa = PBXFileReference; lastKnownFileType = sourcecode.c.objc; path = main.m; sourceTree = "<group>"; };
		718D4E8A20C831D900590547 /* Movie.h */ = {isa = PBXFileReference; lastKnownFileType = sourcecode.c.h; path = Movie.h; sourceTree = "<group>"; };
		718D4E8B20C831D900590547 /* Movie.m */ = {isa = PBXFileReference; lastKnownFileType = sourcecode.c.objc; path = Movie.m; sourceTree = "<group>"; };
		718D4E8F20C8371C00590547 /* MovieController.h */ = {isa = PBXFileReference; lastKnownFileType = sourcecode.c.h; path = MovieController.h; sourceTree = "<group>"; };
		718D4E9020C8371C00590547 /* MovieController.m */ = {isa = PBXFileReference; lastKnownFileType = sourcecode.c.objc; path = MovieController.m; sourceTree = "<group>"; };
		718D4E9320C8436A00590547 /* MovieSearchObj-C-Bridging-Header.h */ = {isa = PBXFileReference; lastKnownFileType = sourcecode.c.h; path = "MovieSearchObj-C-Bridging-Header.h"; sourceTree = "<group>"; };
		718D4E9420C8436B00590547 /* MovieSearchObj-C-Bridging-Header.swift */ = {isa = PBXFileReference; lastKnownFileType = sourcecode.swift; path = "MovieSearchObj-C-Bridging-Header.swift"; sourceTree = "<group>"; };
		718D4E9620C844ED00590547 /* MovieTableViewController.swift */ = {isa = PBXFileReference; lastKnownFileType = sourcecode.swift; path = MovieTableViewController.swift; sourceTree = "<group>"; };
		718D4E9820C8454300590547 /* MovieSearchTableViewCell.swift */ = {isa = PBXFileReference; lastKnownFileType = sourcecode.swift; path = MovieSearchTableViewCell.swift; sourceTree = "<group>"; };
/* End PBXFileReference section */

/* Begin PBXFrameworksBuildPhase section */
		718D4E6C20C8306F00590547 /* Frameworks */ = {
			isa = PBXFrameworksBuildPhase;
			buildActionMask = 2147483647;
			files = (
			);
			runOnlyForDeploymentPostprocessing = 0;
		};
/* End PBXFrameworksBuildPhase section */

/* Begin PBXGroup section */
		718D4E6620C8306F00590547 = {
			isa = PBXGroup;
			children = (
				718D4E7120C8306F00590547 /* MovieSearchObj-C */,
				718D4E7020C8306F00590547 /* Products */,
			);
			sourceTree = "<group>";
		};
		718D4E7020C8306F00590547 /* Products */ = {
			isa = PBXGroup;
			children = (
				718D4E6F20C8306F00590547 /* MovieSearchObj-C.app */,
			);
			name = Products;
			sourceTree = "<group>";
		};
		718D4E7120C8306F00590547 /* MovieSearchObj-C */ = {
			isa = PBXGroup;
			children = (
				718D4E8D20C8367500590547 /* Model */,
				718D4E8920C831A200590547 /* View */,
				718D4E9A20C8457B00590547 /* Controller */,
				718D4E8820C830A700590547 /* Resources */,
			);
			path = "MovieSearchObj-C";
			sourceTree = "<group>";
		};
		718D4E8820C830A700590547 /* Resources */ = {
			isa = PBXGroup;
			children = (
				718D4E7220C8306F00590547 /* AppDelegate.h */,
				718D4E7320C8306F00590547 /* AppDelegate.m */,
				718D4E7B20C8306F00590547 /* Assets.xcassets */,
				718D4E7D20C8306F00590547 /* LaunchScreen.storyboard */,
				718D4E8020C8306F00590547 /* Info.plist */,
				718D4E8120C8306F00590547 /* main.m */,
				718D4E9420C8436B00590547 /* MovieSearchObj-C-Bridging-Header.swift */,
				718D4E9320C8436A00590547 /* MovieSearchObj-C-Bridging-Header.h */,
			);
			path = Resources;
			sourceTree = "<group>";
		};
		718D4E8920C831A200590547 /* View */ = {
			isa = PBXGroup;
			children = (
				718D4E7820C8306F00590547 /* Main.storyboard */,
			);
			path = View;
			sourceTree = "<group>";
		};
		718D4E8D20C8367500590547 /* Model */ = {
			isa = PBXGroup;
			children = (
				718D4E8E20C8369500590547 /* Model Data */,
				718D4E9220C8432200590547 /* Model Controller */,
			);
			path = Model;
			sourceTree = "<group>";
		};
		718D4E8E20C8369500590547 /* Model Data */ = {
			isa = PBXGroup;
			children = (
				718D4E8A20C831D900590547 /* Movie.h */,
				718D4E8B20C831D900590547 /* Movie.m */,
			);
			path = "Model Data";
			sourceTree = "<group>";
		};
		718D4E9220C8432200590547 /* Model Controller */ = {
			isa = PBXGroup;
			children = (
				718D4E8F20C8371C00590547 /* MovieController.h */,
				718D4E9020C8371C00590547 /* MovieController.m */,
			);
			path = "Model Controller";
			sourceTree = "<group>";
		};
		718D4E9A20C8457B00590547 /* Controller */ = {
			isa = PBXGroup;
			children = (
				718D4E9820C8454300590547 /* MovieSearchTableViewCell.swift */,
				718D4E9620C844ED00590547 /* MovieTableViewController.swift */,
			);
			path = Controller;
			sourceTree = "<group>";
		};
/* End PBXGroup section */

/* Begin PBXNativeTarget section */
		718D4E6E20C8306F00590547 /* MovieSearchObj-C */ = {
			isa = PBXNativeTarget;
			buildConfigurationList = 718D4E8520C8306F00590547 /* Build configuration list for PBXNativeTarget "MovieSearchObj-C" */;
			buildPhases = (
				718D4E6B20C8306F00590547 /* Sources */,
				718D4E6C20C8306F00590547 /* Frameworks */,
				718D4E6D20C8306F00590547 /* Resources */,
			);
			buildRules = (
			);
			dependencies = (
			);
			name = "MovieSearchObj-C";
			productName = "MovieSearchObj-C";
			productReference = 718D4E6F20C8306F00590547 /* MovieSearchObj-C.app */;
			productType = "com.apple.product-type.application";
		};
/* End PBXNativeTarget section */

/* Begin PBXProject section */
		718D4E6720C8306F00590547 /* Project object */ = {
			isa = PBXProject;
			attributes = {
				LastUpgradeCheck = 0940;
				ORGANIZATIONNAME = "Caston  Boyd";
				TargetAttributes = {
					718D4E6E20C8306F00590547 = {
						CreatedOnToolsVersion = 9.4;
						LastSwiftMigration = 0940;
					};
				};
			};
			buildConfigurationList = 718D4E6A20C8306F00590547 /* Build configuration list for PBXProject "MovieSearchObj-C" */;
			compatibilityVersion = "Xcode 9.3";
			developmentRegion = en;
			hasScannedForEncodings = 0;
			knownRegions = (
				en,
				Base,
			);
			mainGroup = 718D4E6620C8306F00590547;
			productRefGroup = 718D4E7020C8306F00590547 /* Products */;
			projectDirPath = "";
			projectRoot = "";
			targets = (
				718D4E6E20C8306F00590547 /* MovieSearchObj-C */,
			);
		};
/* End PBXProject section */

/* Begin PBXResourcesBuildPhase section */
		718D4E6D20C8306F00590547 /* Resources */ = {
			isa = PBXResourcesBuildPhase;
			buildActionMask = 2147483647;
			files = (
				718D4E7F20C8306F00590547 /* LaunchScreen.storyboard in Resources */,
				718D4E7C20C8306F00590547 /* Assets.xcassets in Resources */,
				718D4E7A20C8306F00590547 /* Main.storyboard in Resources */,
			);
			runOnlyForDeploymentPostprocessing = 0;
		};
/* End PBXResourcesBuildPhase section */

/* Begin PBXSourcesBuildPhase section */
		718D4E6B20C8306F00590547 /* Sources */ = {
			isa = PBXSourcesBuildPhase;
			buildActionMask = 2147483647;
			files = (
				718D4E9520C8436B00590547 /* MovieSearchObj-C-Bridging-Header.swift in Sources */,
				718D4E9120C8371C00590547 /* MovieController.m in Sources */,
				718D4E9720C844ED00590547 /* MovieTableViewController.swift in Sources */,
				718D4E9920C8454300590547 /* MovieSearchTableViewCell.swift in Sources */,
				718D4E8C20C831D900590547 /* Movie.m in Sources */,
				718D4E8220C8306F00590547 /* main.m in Sources */,
				718D4E7420C8306F00590547 /* AppDelegate.m in Sources */,
			);
			runOnlyForDeploymentPostprocessing = 0;
		};
/* End PBXSourcesBuildPhase section */

/* Begin PBXVariantGroup section */
		718D4E7820C8306F00590547 /* Main.storyboard */ = {
			isa = PBXVariantGroup;
			children = (
				718D4E7920C8306F00590547 /* Base */,
			);
			name = Main.storyboard;
			sourceTree = "<group>";
		};
		718D4E7D20C8306F00590547 /* LaunchScreen.storyboard */ = {
			isa = PBXVariantGroup;
			children = (
				718D4E7E20C8306F00590547 /* Base */,
			);
			name = LaunchScreen.storyboard;
			sourceTree = "<group>";
		};
/* End PBXVariantGroup section */

/* Begin XCBuildConfiguration section */
		718D4E8320C8306F00590547 /* Debug */ = {
			isa = XCBuildConfiguration;
			buildSettings = {
				ALWAYS_SEARCH_USER_PATHS = NO;
				CLANG_ANALYZER_NONNULL = YES;
				CLANG_ANALYZER_NUMBER_OBJECT_CONVERSION = YES_AGGRESSIVE;
				CLANG_CXX_LANGUAGE_STANDARD = "gnu++14";
				CLANG_CXX_LIBRARY = "libc++";
				CLANG_ENABLE_MODULES = YES;
				CLANG_ENABLE_OBJC_ARC = YES;
				CLANG_ENABLE_OBJC_WEAK = YES;
				CLANG_WARN_BLOCK_CAPTURE_AUTORELEASING = YES;
				CLANG_WARN_BOOL_CONVERSION = YES;
				CLANG_WARN_COMMA = YES;
				CLANG_WARN_CONSTANT_CONVERSION = YES;
				CLANG_WARN_DEPRECATED_OBJC_IMPLEMENTATIONS = YES;
				CLANG_WARN_DIRECT_OBJC_ISA_USAGE = YES_ERROR;
				CLANG_WARN_DOCUMENTATION_COMMENTS = YES;
				CLANG_WARN_EMPTY_BODY = YES;
				CLANG_WARN_ENUM_CONVERSION = YES;
				CLANG_WARN_INFINITE_RECURSION = YES;
				CLANG_WARN_INT_CONVERSION = YES;
				CLANG_WARN_NON_LITERAL_NULL_CONVERSION = YES;
				CLANG_WARN_OBJC_IMPLICIT_RETAIN_SELF = YES;
				CLANG_WARN_OBJC_LITERAL_CONVERSION = YES;
				CLANG_WARN_OBJC_ROOT_CLASS = YES_ERROR;
				CLANG_WARN_RANGE_LOOP_ANALYSIS = YES;
				CLANG_WARN_STRICT_PROTOTYPES = YES;
				CLANG_WARN_SUSPICIOUS_MOVE = YES;
				CLANG_WARN_UNGUARDED_AVAILABILITY = YES_AGGRESSIVE;
				CLANG_WARN_UNREACHABLE_CODE = YES;
				CLANG_WARN__DUPLICATE_METHOD_MATCH = YES;
				CODE_SIGN_IDENTITY = "iPhone Developer";
				COPY_PHASE_STRIP = NO;
				DEBUG_INFORMATION_FORMAT = dwarf;
				ENABLE_STRICT_OBJC_MSGSEND = YES;
				ENABLE_TESTABILITY = YES;
				GCC_C_LANGUAGE_STANDARD = gnu11;
				GCC_DYNAMIC_NO_PIC = NO;
				GCC_NO_COMMON_BLOCKS = YES;
				GCC_OPTIMIZATION_LEVEL = 0;
				GCC_PREPROCESSOR_DEFINITIONS = (
					"DEBUG=1",
					"$(inherited)",
				);
				GCC_WARN_64_TO_32_BIT_CONVERSION = YES;
				GCC_WARN_ABOUT_RETURN_TYPE = YES_ERROR;
				GCC_WARN_UNDECLARED_SELECTOR = YES;
				GCC_WARN_UNINITIALIZED_AUTOS = YES_AGGRESSIVE;
				GCC_WARN_UNUSED_FUNCTION = YES;
				GCC_WARN_UNUSED_VARIABLE = YES;
				IPHONEOS_DEPLOYMENT_TARGET = 11.4;
				MTL_ENABLE_DEBUG_INFO = YES;
				ONLY_ACTIVE_ARCH = YES;
				SDKROOT = iphoneos;
			};
			name = Debug;
		};
		718D4E8420C8306F00590547 /* Release */ = {
			isa = XCBuildConfiguration;
			buildSettings = {
				ALWAYS_SEARCH_USER_PATHS = NO;
				CLANG_ANALYZER_NONNULL = YES;
				CLANG_ANALYZER_NUMBER_OBJECT_CONVERSION = YES_AGGRESSIVE;
				CLANG_CXX_LANGUAGE_STANDARD = "gnu++14";
				CLANG_CXX_LIBRARY = "libc++";
				CLANG_ENABLE_MODULES = YES;
				CLANG_ENABLE_OBJC_ARC = YES;
				CLANG_ENABLE_OBJC_WEAK = YES;
				CLANG_WARN_BLOCK_CAPTURE_AUTORELEASING = YES;
				CLANG_WARN_BOOL_CONVERSION = YES;
				CLANG_WARN_COMMA = YES;
				CLANG_WARN_CONSTANT_CONVERSION = YES;
				CLANG_WARN_DEPRECATED_OBJC_IMPLEMENTATIONS = YES;
				CLANG_WARN_DIRECT_OBJC_ISA_USAGE = YES_ERROR;
				CLANG_WARN_DOCUMENTATION_COMMENTS = YES;
				CLANG_WARN_EMPTY_BODY = YES;
				CLANG_WARN_ENUM_CONVERSION = YES;
				CLANG_WARN_INFINITE_RECURSION = YES;
				CLANG_WARN_INT_CONVERSION = YES;
				CLANG_WARN_NON_LITERAL_NULL_CONVERSION = YES;
				CLANG_WARN_OBJC_IMPLICIT_RETAIN_SELF = YES;
				CLANG_WARN_OBJC_LITERAL_CONVERSION = YES;
				CLANG_WARN_OBJC_ROOT_CLASS = YES_ERROR;
				CLANG_WARN_RANGE_LOOP_ANALYSIS = YES;
				CLANG_WARN_STRICT_PROTOTYPES = YES;
				CLANG_WARN_SUSPICIOUS_MOVE = YES;
				CLANG_WARN_UNGUARDED_AVAILABILITY = YES_AGGRESSIVE;
				CLANG_WARN_UNREACHABLE_CODE = YES;
				CLANG_WARN__DUPLICATE_METHOD_MATCH = YES;
				CODE_SIGN_IDENTITY = "iPhone Developer";
				COPY_PHASE_STRIP = NO;
				DEBUG_INFORMATION_FORMAT = "dwarf-with-dsym";
				ENABLE_NS_ASSERTIONS = NO;
				ENABLE_STRICT_OBJC_MSGSEND = YES;
				GCC_C_LANGUAGE_STANDARD = gnu11;
				GCC_NO_COMMON_BLOCKS = YES;
				GCC_WARN_64_TO_32_BIT_CONVERSION = YES;
				GCC_WARN_ABOUT_RETURN_TYPE = YES_ERROR;
				GCC_WARN_UNDECLARED_SELECTOR = YES;
				GCC_WARN_UNINITIALIZED_AUTOS = YES_AGGRESSIVE;
				GCC_WARN_UNUSED_FUNCTION = YES;
				GCC_WARN_UNUSED_VARIABLE = YES;
				IPHONEOS_DEPLOYMENT_TARGET = 11.4;
				MTL_ENABLE_DEBUG_INFO = NO;
				SDKROOT = iphoneos;
				VALIDATE_PRODUCT = YES;
			};
			name = Release;
		};
		718D4E8620C8306F00590547 /* Debug */ = {
			isa = XCBuildConfiguration;
			buildSettings = {
				ASSETCATALOG_COMPILER_APPICON_NAME = AppIcon;
				CLANG_ENABLE_MODULES = YES;
				CODE_SIGN_STYLE = Manual;
				DEVELOPMENT_TEAM = "";
				INFOPLIST_FILE = "$(SRCROOT)/MovieSearchObj-C/Resources/Info.plist";
				LD_RUNPATH_SEARCH_PATHS = (
					"$(inherited)",
					"@executable_path/Frameworks",
				);
				PRODUCT_BUNDLE_IDENTIFIER = "com.Virtud.MovieSearchObj-C";
				PRODUCT_NAME = "$(TARGET_NAME)";
				PROVISIONING_PROFILE_SPECIFIER = "";
				SWIFT_OBJC_BRIDGING_HEADER = "MovieSearchObj-C/Resources/MovieSearchObj-C-Bridging-Header.h";
				SWIFT_OPTIMIZATION_LEVEL = "-Onone";
				SWIFT_VERSION = 3.0;
				TARGETED_DEVICE_FAMILY = "1,2";
			};
			name = Debug;
		};
		718D4E8720C8306F00590547 /* Release */ = {
			isa = XCBuildConfiguration;
			buildSettings = {
				ASSETCATALOG_COMPILER_APPICON_NAME = AppIcon;
				CLANG_ENABLE_MODULES = YES;
				CODE_SIGN_STYLE = Manual;
				DEVELOPMENT_TEAM = "";
				INFOPLIST_FILE = "$(SRCROOT)/MovieSearchObj-C/Resources/Info.plist";
				LD_RUNPATH_SEARCH_PATHS = (
					"$(inherited)",
					"@executable_path/Frameworks",
				);
				PRODUCT_BUNDLE_IDENTIFIER = "com.Virtud.MovieSearchObj-C";
				PRODUCT_NAME = "$(TARGET_NAME)";
				PROVISIONING_PROFILE_SPECIFIER = "";
				SWIFT_OBJC_BRIDGING_HEADER = "MovieSearchObj-C/Resources/MovieSearchObj-C-Bridging-Header.h";
				SWIFT_VERSION = 3.0;
				TARGETED_DEVICE_FAMILY = "1,2";
			};
			name = Release;
		};
/* End XCBuildConfiguration section */

/* Begin XCConfigurationList section */
		718D4E6A20C8306F00590547 /* Build configuration list for PBXProject "MovieSearchObj-C" */ = {
			isa = XCConfigurationList;
			buildConfigurations = (
				718D4E8320C8306F00590547 /* Debug */,
				718D4E8420C8306F00590547 /* Release */,
			);
			defaultConfigurationIsVisible = 0;
			defaultConfigurationName = Release;
		};
		718D4E8520C8306F00590547 /* Build configuration list for PBXNativeTarget "MovieSearchObj-C" */ = {
			isa = XCConfigurationList;
			buildConfigurations = (
				718D4E8620C8306F00590547 /* Debug */,
				718D4E8720C8306F00590547 /* Release */,
			);
			defaultConfigurationIsVisible = 0;
			defaultConfigurationName = Release;
		};
/* End XCConfigurationList section */
	};
	rootObject = 718D4E6720C8306F00590547 /* Project object */;
}
